// !$*UTF8*$!
{
	archiveVersion = 1;
	classes = {
	};
	objectVersion = 110;
	objects = {

/* Begin PBXBuildFile section */
		FE13F538306771A700FFA67D /* Mis Mangas Watch App.app in Embed Watch Content */ = {isa = PBXBuildFile; fileRef = FE13F52E306771A600FFA67D /* Mis Mangas Watch App.app */; settings = {ATTRIBUTES = (RemoveHeadersOnCopy, ); }; };
		FEDB6703306840D900107FF2 /* WidgetKit.framework in Frameworks */ = {isa = PBXBuildFile; fileRef = FEDB6702306840D900107FF2 /* WidgetKit.framework */; };
		FEDB6705306840D900107FF2 /* SwiftUI.framework in Frameworks */ = {isa = PBXBuildFile; fileRef = FEDB6704306840D900107FF2 /* SwiftUI.framework */; };
		FEDB6710306840DA00107FF2 /* Mis Mangas WidgetExtension.appex in Embed Foundation Extensions */ = {isa = PBXBuildFile; fileRef = FEDB6700306840D900107FF2 /* Mis Mangas WidgetExtension.appex */; settings = {ATTRIBUTES = (RemoveHeadersOnCopy, ); }; };
/* End PBXBuildFile section */

/* Begin PBXContainerItemProxy section */
		FE13F536306771A700FFA67D /* PBXContainerItemProxy */ = {
			isa = PBXContainerItemProxy;
			containerPortal = FEE678D730547D5D0012524F /* Project object */;
			proxyType = 1;
			remoteGlobalIDString = FE13F52D306771A600FFA67D;
			remoteInfo = "Mis Mangas Watch App Watch App";
		};
		FE13FD8830680B9E00FFA67D /* PBXContainerItemProxy */ = {
			isa = PBXContainerItemProxy;
			containerPortal = FEE678D730547D5D0012524F /* Project object */;
			proxyType = 1;
			remoteGlobalIDString = FE13F52D306771A600FFA67D;
			remoteInfo = "Mis Mangas Watch App";
		};
		FEDB670E306840DA00107FF2 /* PBXContainerItemProxy */ = {
			isa = PBXContainerItemProxy;
			containerPortal = FEE678D730547D5D0012524F /* Project object */;
			proxyType = 1;
			remoteGlobalIDString = FEDB66FF306840D900107FF2;
			remoteInfo = "Mis Mangas WidgetExtension";
		};
		FEEBF59F305832D000E59EAF /* PBXContainerItemProxy */ = {
			isa = PBXContainerItemProxy;
			containerPortal = FEE678D730547D5D0012524F /* Project object */;
			proxyType = 1;
			remoteGlobalIDString = FEE678DE30547D5D0012524F;
			remoteInfo = "Mis Mangas";
		};
/* End PBXContainerItemProxy section */

/* Begin PBXCopyFilesBuildPhase section */
		FE13F53C306771A700FFA67D /* Embed Watch Content */ = {
			isa = PBXCopyFilesBuildPhase;
			dstPath = "$(CONTENTS_FOLDER_PATH)/Watch";
			dstSubfolder = Product;
			files = (
				FE13F538306771A700FFA67D /* Mis Mangas Watch App.app in Embed Watch Content */,
			);
			name = "Embed Watch Content";
		};
		FEDB6711306840DA00107FF2 /* Embed Foundation Extensions */ = {
			isa = PBXCopyFilesBuildPhase;
			dstPath = "";
			dstSubfolder = PlugIns;
			files = (
				FEDB6710306840DA00107FF2 /* Mis Mangas WidgetExtension.appex in Embed Foundation Extensions */,
			);
			name = "Embed Foundation Extensions";
		};
/* End PBXCopyFilesBuildPhase section */

/* Begin PBXFileReference section */
		FE13F52E306771A600FFA67D /* Mis Mangas Watch App.app */ = {isa = PBXFileReference; explicitFileType = wrapper.application; includeInIndex = 0; path = "Mis Mangas Watch App.app"; sourceTree = BUILT_PRODUCTS_DIR; };
		FE13FD8430680B9D00FFA67D /* Mis Mangas Watch AppTests.xctest */ = {isa = PBXFileReference; explicitFileType = wrapper.cfbundle; includeInIndex = 0; path = "Mis Mangas Watch AppTests.xctest"; sourceTree = BUILT_PRODUCTS_DIR; };
		FEDB6700306840D900107FF2 /* Mis Mangas WidgetExtension.appex */ = {isa = PBXFileReference; explicitFileType = "wrapper.app-extension"; includeInIndex = 0; path = "Mis Mangas WidgetExtension.appex"; sourceTree = BUILT_PRODUCTS_DIR; };
		FEDB6702306840D900107FF2 /* WidgetKit.framework */ = {isa = PBXFileReference; lastKnownFileType = wrapper.framework; name = WidgetKit.framework; path = System/Library/Frameworks/WidgetKit.framework; sourceTree = SDKROOT; };
		FEDB6704306840D900107FF2 /* SwiftUI.framework */ = {isa = PBXFileReference; lastKnownFileType = wrapper.framework; name = SwiftUI.framework; path = System/Library/Frameworks/SwiftUI.framework; sourceTree = SDKROOT; };
		FEE678DF30547D5D0012524F /* Mis Mangas.app */ = {isa = PBXFileReference; explicitFileType = wrapper.application; includeInIndex = 0; path = "Mis Mangas.app"; sourceTree = BUILT_PRODUCTS_DIR; };
		FEEBF55130582F1200E59EAF /* Mis MangasTests.xctest */ = {isa = PBXFileReference; explicitFileType = wrapper.cfbundle; includeInIndex = 0; path = "Mis MangasTests.xctest"; sourceTree = BUILT_PRODUCTS_DIR; };
		FEEBF5A13058331500E59EAF /* Mis Mangas.xctestplan */ = {isa = PBXFileReference; lastKnownFileType = text; path = "Mis Mangas.xctestplan"; sourceTree = "<group>"; };
/* End PBXFileReference section */

/* Begin PBXFileSystemSynchronizedBuildFileExceptionSet section */
		FE13025330680EE200FFA67D /* Exceptions for "Mis MangasTests" folder in "Mis Mangas Watch AppTests" target */ = {
			isa = PBXFileSystemSynchronizedBuildFileExceptionSet;
			membershipExceptions = (
				Support/FakeWatchTransport.swift,
			);
			target = FE13FD8330680B9D00FFA67D /* Mis Mangas Watch AppTests */;
		};
		FE13FD4C3068056900FFA67D /* Exceptions for "Mis Mangas" folder in "Mis Mangas Watch App" target */ = {
			isa = PBXFileSystemSynchronizedBuildFileExceptionSet;
			membershipExceptions = (
				Components/ImageLoader/ImageCacheActor.swift,
				Components/ImageLoader/ImageDownloader.swift,
				Components/ImageLoader/RemoteImageView.swift,
				Components/MangaCardView/MangaCoverView.swift,
				"Diagnostics/Logger+App.swift",
				"Diagnostics/OSSignposter+App.swift",
				Domain/DTOs/AuthorDTO.swift,
				Domain/DTOs/AuthorIdsRequest.swift,
				Domain/DTOs/CustomSearch.swift,
				Domain/DTOs/DemographicDTO.swift,
				Domain/DTOs/GenreDTO.swift,
				Domain/DTOs/MangaDTO.swift,
				Domain/DTOs/PageDTO.swift,
				Domain/DTOs/PageMetadataDTO.swift,
				Domain/DTOs/ServerErrorDTO.swift,
				Domain/DTOs/ThemeDTO.swift,
				Domain/DTOs/UserMangaCollectionDTO.swift,
				Domain/DTOs/UserMangaCollectionRequest.swift,
				Domain/DTOs/UserResponse.swift,
				Domain/DTOs/UsersCreate.swift,
				Domain/Enums/AuthorRole.swift,
				Domain/Enums/Demographic.swift,
				Domain/Enums/Genre.swift,
				Domain/Enums/MangaStatus.swift,
				Domain/Enums/Theme.swift,
				Domain/Errors/APIError.swift,
				Domain/Errors/AuthError.swift,
				Domain/Errors/PersistenceError.swift,
				Domain/Errors/SyncError.swift,
				"Domain/JSON/JSONDecoder+App.swift",
				"Domain/JSON/JSONEncoder+App.swift",
				"Domain/Mapping/AuthorDTO+Display.swift",
				"Domain/Mapping/AuthorDTO+Model.swift",
				"Domain/Mapping/MangaDTO+Model.swift",
				"Domain/Mapping/UserCollectionEntry+Request.swift",
				Networking/APIActor.swift,
				"Networking/Interface/URLSession+Data.swift",
				Networking/NetworkInteractor.swift,
				Persistence/ModelActor/MangaSyncActor.swift,
				Persistence/ModelActor/PendingOperationSnapshot.swift,
				Persistence/ModelActor/PersistenceController.swift,
				Persistence/Schema/Author.swift,
				Persistence/Schema/CatalogEntry.swift,
				Persistence/Schema/Manga.swift,
				Persistence/Schema/MangaMigrationPlan.swift,
				Persistence/Schema/MangaSchemaV1.swift,
				Persistence/Schema/PendingOperation.swift,
				Persistence/Schema/PendingOperationType.swift,
				Persistence/Schema/UserCollectionEntry.swift,
				Preview/SampleData.swift,
				Resources/Colors.xcassets,
				Resources/Localizable.xcstrings,
				Resources/MisMangas.icon,
				Services/CatalogMode.swift,
				WatchConnectivity/Payloads/ReadingItem.swift,
				WatchConnectivity/Payloads/ReadingSnapshot.swift,
				WatchConnectivity/Payloads/ReadingUpdate.swift,
				WatchConnectivity/WatchPayload.swift,
				WatchConnectivity/WatchSessionBridge.swift,
				WatchConnectivity/WatchSessionEvent.swift,
				WatchConnectivity/WatchTransport.swift,
				WatchConnectivity/WatchTransportError.swift,
			);
			target = FE13F52D306771A600FFA67D /* Mis Mangas Watch App */;
		};
		FEDB6715306840DA00107FF2 /* Exceptions for "Mis Mangas Widget" folder in "Mis Mangas WidgetExtension" target */ = {
			isa = PBXFileSystemSynchronizedBuildFileExceptionSet;
			membershipExceptions = (
				Info.plist,
			);
			target = FEDB66FF306840D900107FF2 /* Mis Mangas WidgetExtension */;
		};
		FEDB671F3068416600107FF2 /* Exceptions for "Mis Mangas" folder in "Mis Mangas WidgetExtension" target */ = {
			isa = PBXFileSystemSynchronizedBuildFileExceptionSet;
			membershipExceptions = (
				"Diagnostics/Logger+App.swift",
				"Diagnostics/OSSignposter+App.swift",
				Domain/Enums/AuthorRole.swift,
				Domain/Enums/Demographic.swift,
				Domain/Enums/Genre.swift,
				Domain/Enums/MangaStatus.swift,
				Domain/Enums/Theme.swift,
				Domain/Errors/PersistenceError.swift,
				Persistence/ModelActor/PersistenceController.swift,
				Persistence/Schema/Author.swift,
				Persistence/Schema/CatalogEntry.swift,
				Persistence/Schema/Manga.swift,
				Persistence/Schema/MangaMigrationPlan.swift,
				Persistence/Schema/MangaSchemaV1.swift,
				Persistence/Schema/PendingOperation.swift,
				Persistence/Schema/PendingOperationType.swift,
				Persistence/Schema/UserCollectionEntry.swift,
				Resources/Colors.xcassets,
				Resources/Localizable.xcstrings,
				WidgetSupport/CoverCacheFiles.swift,
				WidgetSupport/MangaDeepLink.swift,
				WidgetSupport/ReadingItemsFetcher.swift,
				WidgetSupport/ReadingWidgetItem.swift,
				"WidgetSupport/String+ReadingWidgetKind.swift",
			);
			target = FEDB66FF306840D900107FF2 /* Mis Mangas WidgetExtension */;
		};
		FEEBF74C3058490100E59EAF /* Exceptions for "Mis Mangas" folder in "Mis Mangas" target */ = {
			isa = PBXFileSystemSynchronizedBuildFileExceptionSet;
			membershipExceptions = (
				Config/Secrets.example.xcconfig,
				Config/Secrets.xcconfig,
				"Mis-Mangas-Info.plist",
			);
			target = FEE678DE30547D5D0012524F /* Mis Mangas */;
		};
/* End PBXFileSystemSynchronizedBuildFileExceptionSet section */

/* Begin PBXFileSystemSynchronizedRootGroup section */
		FE13F52F306771A600FFA67D /* Mis Mangas Watch App */ = {
			isa = PBXFileSystemSynchronizedRootGroup;
			path = "Mis Mangas Watch App";
			sourceTree = "<group>";
		};
		FE13FD8530680B9E00FFA67D /* Mis Mangas Watch AppTests */ = {
			isa = PBXFileSystemSynchronizedRootGroup;
			path = "Mis Mangas Watch AppTests";
			sourceTree = "<group>";
		};
		FEDB6706306840D900107FF2 /* Mis Mangas Widget */ = {
			isa = PBXFileSystemSynchronizedRootGroup;
			exceptions = (
				FEDB6715306840DA00107FF2 /* Exceptions for "Mis Mangas Widget" folder in "Mis Mangas WidgetExtension" target */,
			);
			path = "Mis Mangas Widget";
			sourceTree = "<group>";
		};
		FEE678E130547D5D0012524F /* Mis Mangas */ = {
			isa = PBXFileSystemSynchronizedRootGroup;
			exceptions = (
				FEEBF74C3058490100E59EAF /* Exceptions for "Mis Mangas" folder in "Mis Mangas" target */,
				FE13FD4C3068056900FFA67D /* Exceptions for "Mis Mangas" folder in "Mis Mangas Watch App" target */,
				FEDB671F3068416600107FF2 /* Exceptions for "Mis Mangas" folder in "Mis Mangas WidgetExtension" target */,
			);
			path = "Mis Mangas";
			sourceTree = "<group>";
		};
		FEEBF55230582F1200E59EAF /* Mis MangasTests */ = {
			isa = PBXFileSystemSynchronizedRootGroup;
			exceptions = (
				FE13025330680EE200FFA67D /* Exceptions for "Mis MangasTests" folder in "Mis Mangas Watch AppTests" target */,
			);
			path = "Mis MangasTests";
			sourceTree = "<group>";
		};
/* End PBXFileSystemSynchronizedRootGroup section */

/* Begin PBXFrameworksBuildPhase section */
		FE13F52B306771A600FFA67D /* Frameworks */ = {
			isa = PBXFrameworksBuildPhase;
			files = (
			);
		};
		FE13FD8130680B9D00FFA67D /* Frameworks */ = {
			isa = PBXFrameworksBuildPhase;
			files = (
			);
		};
		FEDB66FD306840D900107FF2 /* Frameworks */ = {
			isa = PBXFrameworksBuildPhase;
			files = (
				FEDB6705306840D900107FF2 /* SwiftUI.framework in Frameworks */,
				FEDB6703306840D900107FF2 /* WidgetKit.framework in Frameworks */,
			);
		};
		FEE678DC30547D5D0012524F /* Frameworks */ = {
			isa = PBXFrameworksBuildPhase;
			files = (
			);
		};
		FEEBF54E30582F1200E59EAF /* Frameworks */ = {
			isa = PBXFrameworksBuildPhase;
			files = (
			);
		};
/* End PBXFrameworksBuildPhase section */

/* Begin PBXGroup section */
		FEDB6701306840D900107FF2 /* Frameworks */ = {
			isa = PBXGroup;
			children = (
				FEDB6702306840D900107FF2 /* WidgetKit.framework */,
				FEDB6704306840D900107FF2 /* SwiftUI.framework */,
			);
			name = Frameworks;
			sourceTree = "<group>";
		};
		FEE678D630547D5D0012524F = {
			isa = PBXGroup;
			children = (
				FEEBF5A13058331500E59EAF /* Mis Mangas.xctestplan */,
				FEE678E130547D5D0012524F /* Mis Mangas */,
				FEEBF55230582F1200E59EAF /* Mis MangasTests */,
				FE13F52F306771A600FFA67D /* Mis Mangas Watch App */,
				FE13FD8530680B9E00FFA67D /* Mis Mangas Watch AppTests */,
				FEDB6706306840D900107FF2 /* Mis Mangas Widget */,
				FEDB6701306840D900107FF2 /* Frameworks */,
				FEE678E030547D5D0012524F /* Products */,
			);
			sourceTree = "<group>";
		};
		FEE678E030547D5D0012524F /* Products */ = {
			isa = PBXGroup;
			children = (
				FEE678DF30547D5D0012524F /* Mis Mangas.app */,
				FEEBF55130582F1200E59EAF /* Mis MangasTests.xctest */,
				FE13F52E306771A600FFA67D /* Mis Mangas Watch App.app */,
				FE13FD8430680B9D00FFA67D /* Mis Mangas Watch AppTests.xctest */,
				FEDB6700306840D900107FF2 /* Mis Mangas WidgetExtension.appex */,
			);
			name = Products;
			sourceTree = "<group>";
		};
/* End PBXGroup section */

/* Begin PBXNativeTarget section */
		FE13F52D306771A600FFA67D /* Mis Mangas Watch App */ = {
			isa = PBXNativeTarget;
			buildConfigurationList = FE13F539306771A700FFA67D /* Build configuration list for PBXNativeTarget "Mis Mangas Watch App" */;
			buildPhases = (
				FE13F52A306771A600FFA67D /* Sources */,
				FE13F52B306771A600FFA67D /* Frameworks */,
				FE13F52C306771A600FFA67D /* Resources */,
			);
			buildRules = (
			);
			fileSystemSynchronizedGroups = (
				FE13F52F306771A600FFA67D /* Mis Mangas Watch App */,
			);
			name = "Mis Mangas Watch App";
			productName = "Mis Mangas Watch App Watch App";
			productReference = FE13F52E306771A600FFA67D /* Mis Mangas Watch App.app */;
			productType = "com.apple.product-type.application";
		};
		FE13FD8330680B9D00FFA67D /* Mis Mangas Watch AppTests */ = {
			isa = PBXNativeTarget;
			buildConfigurationList = FE13FD8A30680B9E00FFA67D /* Build configuration list for PBXNativeTarget "Mis Mangas Watch AppTests" */;
			buildPhases = (
				FE13FD8030680B9D00FFA67D /* Sources */,
				FE13FD8130680B9D00FFA67D /* Frameworks */,
				FE13FD8230680B9D00FFA67D /* Resources */,
			);
			buildRules = (
			);
			dependencies = (
				FE13FD8930680B9E00FFA67D /* PBXTargetDependency */,
			);
			fileSystemSynchronizedGroups = (
				FE13FD8530680B9E00FFA67D /* Mis Mangas Watch AppTests */,
			);
			name = "Mis Mangas Watch AppTests";
			productName = "Mis Mangas Watch AppTests";
			productReference = FE13FD8430680B9D00FFA67D /* Mis Mangas Watch AppTests.xctest */;
			productType = "com.apple.product-type.bundle.unit-test";
		};
		FEDB66FF306840D900107FF2 /* Mis Mangas WidgetExtension */ = {
			isa = PBXNativeTarget;
			buildConfigurationList = FEDB6714306840DA00107FF2 /* Build configuration list for PBXNativeTarget "Mis Mangas WidgetExtension" */;
			buildPhases = (
				FEDB66FC306840D900107FF2 /* Sources */,
				FEDB66FD306840D900107FF2 /* Frameworks */,
				FEDB66FE306840D900107FF2 /* Resources */,
			);
			buildRules = (
			);
			fileSystemSynchronizedGroups = (
				FEDB6706306840D900107FF2 /* Mis Mangas Widget */,
			);
			name = "Mis Mangas WidgetExtension";
			productName = "Mis Mangas WidgetExtension";
			productReference = FEDB6700306840D900107FF2 /* Mis Mangas WidgetExtension.appex */;
			productType = "com.apple.product-type.app-extension";
		};
		FEE678DE30547D5D0012524F /* Mis Mangas */ = {
			isa = PBXNativeTarget;
			buildConfigurationList = FEE678EA30547D5D0012524F /* Build configuration list for PBXNativeTarget "Mis Mangas" */;
			buildPhases = (
				FEE678DB30547D5D0012524F /* Sources */,
				FEE678DC30547D5D0012524F /* Frameworks */,
				FEE678DD30547D5D0012524F /* Resources */,
				FE13F53C306771A700FFA67D /* Embed Watch Content */,
				FEDB6711306840DA00107FF2 /* Embed Foundation Extensions */,
			);
			buildRules = (
			);
			dependencies = (
				FE13F537306771A700FFA67D /* PBXTargetDependency */,
				FEDB670F306840DA00107FF2 /* PBXTargetDependency */,
			);
			fileSystemSynchronizedGroups = (
				FEE678E130547D5D0012524F /* Mis Mangas */,
			);
			name = "Mis Mangas";
			productName = "Mis Mangas";
			productReference = FEE678DF30547D5D0012524F /* Mis Mangas.app */;
			productType = "com.apple.product-type.application";
		};
		FEEBF55030582F1200E59EAF /* Mis MangasTests */ = {
			isa = PBXNativeTarget;
			buildConfigurationList = FEEBF55530582F1200E59EAF /* Build configuration list for PBXNativeTarget "Mis MangasTests" */;
			buildPhases = (
				FEEBF54D30582F1200E59EAF /* Sources */,
				FEEBF54E30582F1200E59EAF /* Frameworks */,
				FEEBF54F30582F1200E59EAF /* Resources */,
			);
			buildRules = (
			);
			dependencies = (
				FEEBF5A0305832D000E59EAF /* PBXTargetDependency */,
			);
			fileSystemSynchronizedGroups = (
				FEEBF55230582F1200E59EAF /* Mis MangasTests */,
			);
			name = "Mis MangasTests";
			productName = "Mis MangasTests";
			productReference = FEEBF55130582F1200E59EAF /* Mis MangasTests.xctest */;
			productType = "com.apple.product-type.bundle.unit-test";
		};
/* End PBXNativeTarget section */

/* Begin PBXProject section */
		FEE678D730547D5D0012524F /* Project object */ = {
			isa = PBXProject;
			attributes = {
				BuildIndependentTargetsInParallel = 1;
				LastSwiftUpdateCheck = 2710;
				LastUpgradeCheck = 2720;
				TargetAttributes = {
					FE13F52D306771A600FFA67D = {
						CreatedOnToolsVersion = 27.1;
					};
					FE13FD8330680B9D00FFA67D = {
						CreatedOnToolsVersion = 27.1;
						TestTargetID = FE13F52D306771A600FFA67D;
					};
					FEDB66FF306840D900107FF2 = {
						CreatedOnToolsVersion = 27.1;
					};
					FEE678DE30547D5D0012524F = {
						CreatedOnToolsVersion = 27.0;
					};
					FEEBF55030582F1200E59EAF = {
						CreatedOnToolsVersion = 27.0;
						TestTargetID = FEE678DE30547D5D0012524F;
					};
				};
			};
			buildConfigurationList = FEE678DA30547D5D0012524F /* Build configuration list for PBXProject "Mis Mangas" */;
			developmentRegion = en;
			hasScannedForEncodings = 0;
			knownRegions = (
				en,
				Base,
				"es-419",
			);
			mainGroup = FEE678D630547D5D0012524F;
			minimizedProjectReferenceProxies = 1;
			preferredProjectObjectVersion = 77;
			productRefGroup = FEE678E030547D5D0012524F /* Products */;
			projectDirPath = "";
			projectRoot = "";
			targets = (
				FEE678DE30547D5D0012524F /* Mis Mangas */,
				FEEBF55030582F1200E59EAF /* Mis MangasTests */,
				FE13F52D306771A600FFA67D /* Mis Mangas Watch App */,
				FE13FD8330680B9D00FFA67D /* Mis Mangas Watch AppTests */,
				FEDB66FF306840D900107FF2 /* Mis Mangas WidgetExtension */,
			);
		};
/* End PBXProject section */

/* Begin PBXResourcesBuildPhase section */
		FE13F52C306771A600FFA67D /* Resources */ = {
			isa = PBXResourcesBuildPhase;
			files = (
			);
		};
		FE13FD8230680B9D00FFA67D /* Resources */ = {
			isa = PBXResourcesBuildPhase;
			files = (
			);
		};
		FEDB66FE306840D900107FF2 /* Resources */ = {
			isa = PBXResourcesBuildPhase;
			files = (
			);
		};
		FEE678DD30547D5D0012524F /* Resources */ = {
			isa = PBXResourcesBuildPhase;
			files = (
			);
		};
		FEEBF54F30582F1200E59EAF /* Resources */ = {
			isa = PBXResourcesBuildPhase;
			files = (
			);
		};
/* End PBXResourcesBuildPhase section */

/* Begin PBXSourcesBuildPhase section */
		FE13F52A306771A600FFA67D /* Sources */ = {
			isa = PBXSourcesBuildPhase;
			files = (
			);
		};
		FE13FD8030680B9D00FFA67D /* Sources */ = {
			isa = PBXSourcesBuildPhase;
			files = (
			);
		};
		FEDB66FC306840D900107FF2 /* Sources */ = {
			isa = PBXSourcesBuildPhase;
			files = (
			);
		};
		FEE678DB30547D5D0012524F /* Sources */ = {
			isa = PBXSourcesBuildPhase;
			files = (
			);
		};
		FEEBF54D30582F1200E59EAF /* Sources */ = {
			isa = PBXSourcesBuildPhase;
			files = (
			);
		};
/* End PBXSourcesBuildPhase section */

/* Begin PBXTargetDependency section */
		FE13F537306771A700FFA67D /* PBXTargetDependency */ = {
			isa = PBXTargetDependency;
			target = FE13F52D306771A600FFA67D /* Mis Mangas Watch App */;
			targetProxy = FE13F536306771A700FFA67D /* PBXContainerItemProxy */;
		};
		FE13FD8930680B9E00FFA67D /* PBXTargetDependency */ = {
			isa = PBXTargetDependency;
			target = FE13F52D306771A600FFA67D /* Mis Mangas Watch App */;
			targetProxy = FE13FD8830680B9E00FFA67D /* PBXContainerItemProxy */;
		};
		FEDB670F306840DA00107FF2 /* PBXTargetDependency */ = {
			isa = PBXTargetDependency;
			target = FEDB66FF306840D900107FF2 /* Mis Mangas WidgetExtension */;
			targetProxy = FEDB670E306840DA00107FF2 /* PBXContainerItemProxy */;
		};
		FEEBF5A0305832D000E59EAF /* PBXTargetDependency */ = {
			isa = PBXTargetDependency;
			target = FEE678DE30547D5D0012524F /* Mis Mangas */;
			targetProxy = FEEBF59F305832D000E59EAF /* PBXContainerItemProxy */;
		};
/* End PBXTargetDependency section */

/* Begin XCBuildConfiguration section */
		FE13F53A306771A700FFA67D /* Debug configuration for PBXNativeTarget "Mis Mangas Watch App" */ = {
			isa = XCBuildConfiguration;
			buildSettings = {
				ASSETCATALOG_COMPILER_APPICON_NAME = MisMangas;
				ASSETCATALOG_COMPILER_GLOBAL_ACCENT_COLOR_NAME = AccentColor;
				CODE_SIGN_STYLE = Automatic;
				CURRENT_PROJECT_VERSION = 1;
				DEVELOPMENT_TEAM = NT7J23RCPK;
				ENABLE_PREVIEWS = YES;
				GENERATE_INFOPLIST_FILE = YES;
				INFOPLIST_KEY_CFBundleDisplayName = "Mis Mangas";
				INFOPLIST_KEY_UISupportedInterfaceOrientations = "UIInterfaceOrientationPortrait UIInterfaceOrientationPortraitUpsideDown";
				INFOPLIST_KEY_WKCompanionAppBundleIdentifier = "cloud.manuelalvarez.Mis-Mangas";
				LD_RUNPATH_SEARCH_PATHS = (
					"$(inherited)",
					"@executable_path/Frameworks",
				);
				MARKETING_VERSION = 1.0;
				PRODUCT_BUNDLE_IDENTIFIER = "cloud.manuelalvarez.Mis-Mangas.watchkitapp";
				PRODUCT_NAME = "$(TARGET_NAME)";
				SDKROOT = watchos;
				SKIP_INSTALL = YES;
				STRING_CATALOG_GENERATE_SYMBOLS = YES;
				SWIFT_APPROACHABLE_CONCURRENCY = YES;
				SWIFT_DEFAULT_ACTOR_ISOLATION = nonisolated;
				SWIFT_EMIT_LOC_STRINGS = YES;
				SWIFT_STRICT_CONCURRENCY = complete;
				SWIFT_UPCOMING_FEATURE_MEMBER_IMPORT_VISIBILITY = YES;
				SWIFT_VERSION = 6.0;
				TARGETED_DEVICE_FAMILY = 4;
				WATCHOS_DEPLOYMENT_TARGET = 27.0;
			};
			name = Debug;
		};
		FE13F53B306771A700FFA67D /* Release configuration for PBXNativeTarget "Mis Mangas Watch App" */ = {
			isa = XCBuildConfiguration;
			buildSettings = {
				ASSETCATALOG_COMPILER_APPICON_NAME = MisMangas;
				ASSETCATALOG_COMPILER_GLOBAL_ACCENT_COLOR_NAME = AccentColor;
				CODE_SIGN_STYLE = Automatic;
				CURRENT_PROJECT_VERSION = 1;
				DEVELOPMENT_TEAM = NT7J23RCPK;
				ENABLE_PREVIEWS = YES;
				GENERATE_INFOPLIST_FILE = YES;
				INFOPLIST_KEY_CFBundleDisplayName = "Mis Mangas";
				INFOPLIST_KEY_UISupportedInterfaceOrientations = "UIInterfaceOrientationPortrait UIInterfaceOrientationPortraitUpsideDown";
				INFOPLIST_KEY_WKCompanionAppBundleIdentifier = "cloud.manuelalvarez.Mis-Mangas";
				LD_RUNPATH_SEARCH_PATHS = (
					"$(inherited)",
					"@executable_path/Frameworks",
				);
				MARKETING_VERSION = 1.0;
				PRODUCT_BUNDLE_IDENTIFIER = "cloud.manuelalvarez.Mis-Mangas.watchkitapp";
				PRODUCT_NAME = "$(TARGET_NAME)";
				SDKROOT = watchos;
				SKIP_INSTALL = YES;
				STRING_CATALOG_GENERATE_SYMBOLS = YES;
				SWIFT_APPROACHABLE_CONCURRENCY = YES;
				SWIFT_DEFAULT_ACTOR_ISOLATION = nonisolated;
				SWIFT_EMIT_LOC_STRINGS = YES;
				SWIFT_STRICT_CONCURRENCY = complete;
				SWIFT_UPCOMING_FEATURE_MEMBER_IMPORT_VISIBILITY = YES;
				SWIFT_VERSION = 6.0;
				TARGETED_DEVICE_FAMILY = 4;
				WATCHOS_DEPLOYMENT_TARGET = 27.0;
			};
			name = Release;
		};
		FE13FD8B30680B9E00FFA67D /* Debug configuration for PBXNativeTarget "Mis Mangas Watch AppTests" */ = {
			isa = XCBuildConfiguration;
			buildSettings = {
				BUNDLE_LOADER = "$(TEST_HOST)";
				CODE_SIGN_STYLE = Automatic;
				CURRENT_PROJECT_VERSION = 1;
				DEVELOPMENT_TEAM = NT7J23RCPK;
				GENERATE_INFOPLIST_FILE = YES;
				MARKETING_VERSION = 1.0;
				PRODUCT_BUNDLE_IDENTIFIER = "cloud.manuelalvarez.Mis-Mangas-Watch-AppTests";
				PRODUCT_NAME = "$(TARGET_NAME)";
				SDKROOT = watchos;
				STRING_CATALOG_GENERATE_SYMBOLS = NO;
				SWIFT_APPROACHABLE_CONCURRENCY = YES;
				SWIFT_DEFAULT_ACTOR_ISOLATION = nonisolated;
				SWIFT_EMIT_LOC_STRINGS = NO;
				SWIFT_STRICT_CONCURRENCY = complete;
				SWIFT_UPCOMING_FEATURE_MEMBER_IMPORT_VISIBILITY = YES;
				SWIFT_VERSION = 6.0;
				TARGETED_DEVICE_FAMILY = 4;
				TEST_HOST = "$(BUILT_PRODUCTS_DIR)/Mis Mangas Watch App.app/$(BUNDLE_EXECUTABLE_FOLDER_PATH)/Mis Mangas Watch App";
				WATCHOS_DEPLOYMENT_TARGET = 27.0;
			};
			name = Debug;
		};
		FE13FD8C30680B9E00FFA67D /* Release configuration for PBXNativeTarget "Mis Mangas Watch AppTests" */ = {
			isa = XCBuildConfiguration;
			buildSettings = {
				BUNDLE_LOADER = "$(TEST_HOST)";
				CODE_SIGN_STYLE = Automatic;
				CURRENT_PROJECT_VERSION = 1;
				DEVELOPMENT_TEAM = NT7J23RCPK;
				GENERATE_INFOPLIST_FILE = YES;
				MARKETING_VERSION = 1.0;
				PRODUCT_BUNDLE_IDENTIFIER = "cloud.manuelalvarez.Mis-Mangas-Watch-AppTests";
				PRODUCT_NAME = "$(TARGET_NAME)";
				SDKROOT = watchos;
				STRING_CATALOG_GENERATE_SYMBOLS = NO;
				SWIFT_APPROACHABLE_CONCURRENCY = YES;
				SWIFT_DEFAULT_ACTOR_ISOLATION = nonisolated;
				SWIFT_EMIT_LOC_STRINGS = NO;
				SWIFT_STRICT_CONCURRENCY = complete;
				SWIFT_UPCOMING_FEATURE_MEMBER_IMPORT_VISIBILITY = YES;
				SWIFT_VERSION = 6.0;
				TARGETED_DEVICE_FAMILY = 4;
				TEST_HOST = "$(BUILT_PRODUCTS_DIR)/Mis Mangas Watch App.app/$(BUNDLE_EXECUTABLE_FOLDER_PATH)/Mis Mangas Watch App";
				WATCHOS_DEPLOYMENT_TARGET = 27.0;
			};
			name = Release;
		};
		FEDB6712306840DA00107FF2 /* Debug configuration for PBXNativeTarget "Mis Mangas WidgetExtension" */ = {
			isa = XCBuildConfiguration;
			buildSettings = {
				ASSETCATALOG_COMPILER_GLOBAL_ACCENT_COLOR_NAME = AccentColor;
				ASSETCATALOG_COMPILER_WIDGET_BACKGROUND_COLOR_NAME = WidgetBackground;
				CODE_SIGN_ENTITLEMENTS = "Mis Mangas Widget/Mis Mangas WidgetExtension.entitlements";
				CODE_SIGN_STYLE = Automatic;
				CURRENT_PROJECT_VERSION = 1;
				DEVELOPMENT_TEAM = NT7J23RCPK;
				GENERATE_INFOPLIST_FILE = YES;
				INFOPLIST_FILE = "Mis Mangas Widget/Info.plist";
				INFOPLIST_KEY_CFBundleDisplayName = "Mis Mangas Widget";
				INFOPLIST_KEY_NSHumanReadableCopyright = "";
				LD_RUNPATH_SEARCH_PATHS = (
					"$(inherited)",
					"@executable_path/Frameworks",
					"@executable_path/../../Frameworks",
				);
				MARKETING_VERSION = 1.0;
				PRODUCT_BUNDLE_IDENTIFIER = "cloud.manuelalvarez.Mis-Mangas.widget";
				PRODUCT_NAME = "$(TARGET_NAME)";
				REGISTER_APP_GROUPS = YES;
				SKIP_INSTALL = YES;
				STRING_CATALOG_GENERATE_SYMBOLS = YES;
				SWIFT_APPROACHABLE_CONCURRENCY = YES;
				SWIFT_DEFAULT_ACTOR_ISOLATION = nonisolated;
				SWIFT_EMIT_LOC_STRINGS = YES;
				SWIFT_STRICT_CONCURRENCY = complete;
				SWIFT_UPCOMING_FEATURE_MEMBER_IMPORT_VISIBILITY = YES;
				SWIFT_VERSION = 6.0;
				TARGETED_DEVICE_FAMILY = "1,2";
			};
			name = Debug;
		};
		FEDB6713306840DA00107FF2 /* Release configuration for PBXNativeTarget "Mis Mangas WidgetExtension" */ = {
			isa = XCBuildConfiguration;
			buildSettings = {
				ASSETCATALOG_COMPILER_GLOBAL_ACCENT_COLOR_NAME = AccentColor;
				ASSETCATALOG_COMPILER_WIDGET_BACKGROUND_COLOR_NAME = WidgetBackground;
				CODE_SIGN_ENTITLEMENTS = "Mis Mangas Widget/Mis Mangas WidgetExtension.entitlements";
				CODE_SIGN_STYLE = Automatic;
				CURRENT_PROJECT_VERSION = 1;
				DEVELOPMENT_TEAM = NT7J23RCPK;
				GENERATE_INFOPLIST_FILE = YES;
				INFOPLIST_FILE = "Mis Mangas Widget/Info.plist";
				INFOPLIST_KEY_CFBundleDisplayName = "Mis Mangas Widget";
				INFOPLIST_KEY_NSHumanReadableCopyright = "";
				LD_RUNPATH_SEARCH_PATHS = (
					"$(inherited)",
					"@executable_path/Frameworks",
					"@executable_path/../../Frameworks",
				);
				MARKETING_VERSION = 1.0;
				PRODUCT_BUNDLE_IDENTIFIER = "cloud.manuelalvarez.Mis-Mangas.widget";
				PRODUCT_NAME = "$(TARGET_NAME)";
				REGISTER_APP_GROUPS = YES;
				SKIP_INSTALL = YES;
				STRING_CATALOG_GENERATE_SYMBOLS = YES;
				SWIFT_APPROACHABLE_CONCURRENCY = YES;
				SWIFT_DEFAULT_ACTOR_ISOLATION = nonisolated;
				SWIFT_EMIT_LOC_STRINGS = YES;
				SWIFT_STRICT_CONCURRENCY = complete;
				SWIFT_UPCOMING_FEATURE_MEMBER_IMPORT_VISIBILITY = YES;
				SWIFT_VERSION = 6.0;
				TARGETED_DEVICE_FAMILY = "1,2";
			};
			name = Release;
		};
		FEE678E830547D5D0012524F /* Debug configuration for PBXProject "Mis Mangas" */ = {
			isa = XCBuildConfiguration;
			baseConfigurationReferenceAnchor = FEE678E130547D5D0012524F /* Mis Mangas */;
			baseConfigurationReferenceRelativePath = Config/Secrets.xcconfig;
			buildSettings = {
				ALWAYS_SEARCH_USER_PATHS = NO;
				ASSETCATALOG_COMPILER_GENERATE_SWIFT_ASSET_SYMBOL_EXTENSIONS = YES;
				CLANG_ANALYZER_LOCALIZABILITY_NONLOCALIZED = YES;
				CLANG_ANALYZER_NONNULL = YES;
				CLANG_ANALYZER_NUMBER_OBJECT_CONVERSION = YES_AGGRESSIVE;
				CLANG_CXX_LANGUAGE_STANDARD = "gnu++20";
				CLANG_ENABLE_MODULES = YES;
				CLANG_ENABLE_OBJC_ARC = YES;
				CLANG_ENABLE_OBJC_WEAK = YES;
				CLANG_WARN_BLOCK_CAPTURE_AUTORELEASING = YES;
				CLANG_WARN_BOOL_CONVERSION = YES;
				CLANG_WARN_COMMA = YES;
				CLANG_WARN_CONSTANT_CONVERSION = YES;
				CLANG_WARN_DEPRECATED_OBJC_IMPLEMENTATIONS = YES;
				CLANG_WARN_DIRECT_OBJC_ISA_USAGE = YES_ERROR;
				CLANG_WARN_DOCUMENTATION_COMMENTS = YES;
				CLANG_WARN_EMPTY_BODY = YES;
				CLANG_WARN_ENUM_CONVERSION = YES;
				CLANG_WARN_INFINITE_RECURSION = YES;
				CLANG_WARN_INT_CONVERSION = YES;
				CLANG_WARN_NON_LITERAL_NULL_CONVERSION = YES;
				CLANG_WARN_OBJC_IMPLICIT_RETAIN_SELF = YES;
				CLANG_WARN_OBJC_LITERAL_CONVERSION = YES;
				CLANG_WARN_OBJC_ROOT_CLASS = YES_ERROR;
				CLANG_WARN_QUOTED_INCLUDE_IN_FRAMEWORK_HEADER = YES;
				CLANG_WARN_RANGE_LOOP_ANALYSIS = YES;
				CLANG_WARN_STRICT_PROTOTYPES = YES;
				CLANG_WARN_SUSPICIOUS_MOVE = YES;
				CLANG_WARN_UNGUARDED_AVAILABILITY = YES_AGGRESSIVE;
				CLANG_WARN_UNREACHABLE_CODE = YES;
				CLANG_WARN__DUPLICATE_METHOD_MATCH = YES;
				COPY_PHASE_STRIP = NO;
				DEBUG_INFORMATION_FORMAT = dwarf;
				DEVELOPMENT_TEAM = NT7J23RCPK;
				ENABLE_STRICT_OBJC_MSGSEND = YES;
				ENABLE_TESTABILITY = YES;
				ENABLE_USER_SCRIPT_SANDBOXING = YES;
				GCC_C_LANGUAGE_STANDARD = gnu17;
				GCC_DYNAMIC_NO_PIC = NO;
				GCC_NO_COMMON_BLOCKS = YES;
				GCC_OPTIMIZATION_LEVEL = 0;
				GCC_PREPROCESSOR_DEFINITIONS = (
					"DEBUG=1",
					"$(inherited)",
				);
				GCC_TREAT_WARNINGS_AS_ERRORS = YES;
				GCC_WARN_64_TO_32_BIT_CONVERSION = YES;
				GCC_WARN_ABOUT_RETURN_TYPE = YES_ERROR;
				GCC_WARN_UNDECLARED_SELECTOR = YES;
				GCC_WARN_UNINITIALIZED_AUTOS = YES_AGGRESSIVE;
				GCC_WARN_UNUSED_FUNCTION = YES;
				GCC_WARN_UNUSED_VARIABLE = YES;
				IPHONEOS_DEPLOYMENT_TARGET = 27.0;
				LOCALIZATION_PREFERS_STRING_CATALOGS = YES;
				MTL_ENABLE_DEBUG_INFO = INCLUDE_SOURCE;
				MTL_FAST_MATH = YES;
				ONLY_ACTIVE_ARCH = YES;
				SDKROOT = iphoneos;
				STRING_CATALOG_GENERATE_SYMBOLS = YES;
				SWIFT_ACTIVE_COMPILATION_CONDITIONS = "DEBUG $(inherited)";
				SWIFT_APPROACHABLE_CONCURRENCY = YES;
				SWIFT_EMIT_LOC_STRINGS = YES;
				SWIFT_OPTIMIZATION_LEVEL = "-Onone";
				SWIFT_TREAT_WARNINGS_AS_ERRORS = YES;
				SWIFT_VERSION = 6.0;
			};
			name = Debug;
		};
		FEE678E930547D5D0012524F /* Release configuration for PBXProject "Mis Mangas" */ = {
			isa = XCBuildConfiguration;
			baseConfigurationReferenceAnchor = FEE678E130547D5D0012524F /* Mis Mangas */;
			baseConfigurationReferenceRelativePath = Config/Secrets.xcconfig;
			buildSettings = {
				ALWAYS_SEARCH_USER_PATHS = NO;
				ASSETCATALOG_COMPILER_GENERATE_SWIFT_ASSET_SYMBOL_EXTENSIONS = YES;
				CLANG_ANALYZER_LOCALIZABILITY_NONLOCALIZED = YES;
				CLANG_ANALYZER_NONNULL = YES;
				CLANG_ANALYZER_NUMBER_OBJECT_CONVERSION = YES_AGGRESSIVE;
				CLANG_CXX_LANGUAGE_STANDARD = "gnu++20";
				CLANG_ENABLE_MODULES = YES;
				CLANG_ENABLE_OBJC_ARC = YES;
				CLANG_ENABLE_OBJC_WEAK = YES;
				CLANG_WARN_BLOCK_CAPTURE_AUTORELEASING = YES;
				CLANG_WARN_BOOL_CONVERSION = YES;
				CLANG_WARN_COMMA = YES;
				CLANG_WARN_CONSTANT_CONVERSION = YES;
				CLANG_WARN_DEPRECATED_OBJC_IMPLEMENTATIONS = YES;
				CLANG_WARN_DIRECT_OBJC_ISA_USAGE = YES_ERROR;
				CLANG_WARN_DOCUMENTATION_COMMENTS = YES;
				CLANG_WARN_EMPTY_BODY = YES;
				CLANG_WARN_ENUM_CONVERSION = YES;
				CLANG_WARN_INFINITE_RECURSION = YES;
				CLANG_WARN_INT_CONVERSION = YES;
				CLANG_WARN_NON_LITERAL_NULL_CONVERSION = YES;
				CLANG_WARN_OBJC_IMPLICIT_RETAIN_SELF = YES;
				CLANG_WARN_OBJC_LITERAL_CONVERSION = YES;
				CLANG_WARN_OBJC_ROOT_CLASS = YES_ERROR;
				CLANG_WARN_QUOTED_INCLUDE_IN_FRAMEWORK_HEADER = YES;
				CLANG_WARN_RANGE_LOOP_ANALYSIS = YES;
				CLANG_WARN_STRICT_PROTOTYPES = YES;
				CLANG_WARN_SUSPICIOUS_MOVE = YES;
				CLANG_WARN_UNGUARDED_AVAILABILITY = YES_AGGRESSIVE;
				CLANG_WARN_UNREACHABLE_CODE = YES;
				CLANG_WARN__DUPLICATE_METHOD_MATCH = YES;
				COPY_PHASE_STRIP = NO;
				DEBUG_INFORMATION_FORMAT = "dwarf-with-dsym";
				DEVELOPMENT_TEAM = NT7J23RCPK;
				ENABLE_NS_ASSERTIONS = NO;
				ENABLE_STRICT_OBJC_MSGSEND = YES;
				ENABLE_USER_SCRIPT_SANDBOXING = YES;
				GCC_C_LANGUAGE_STANDARD = gnu17;
				GCC_NO_COMMON_BLOCKS = YES;
				GCC_TREAT_WARNINGS_AS_ERRORS = YES;
				GCC_WARN_64_TO_32_BIT_CONVERSION = YES;
				GCC_WARN_ABOUT_RETURN_TYPE = YES_ERROR;
				GCC_WARN_UNDECLARED_SELECTOR = YES;
				GCC_WARN_UNINITIALIZED_AUTOS = YES_AGGRESSIVE;
				GCC_WARN_UNUSED_FUNCTION = YES;
				GCC_WARN_UNUSED_VARIABLE = YES;
				IPHONEOS_DEPLOYMENT_TARGET = 27.0;
				LOCALIZATION_PREFERS_STRING_CATALOGS = YES;
				MTL_ENABLE_DEBUG_INFO = NO;
				MTL_FAST_MATH = YES;
				SDKROOT = iphoneos;
				STRING_CATALOG_GENERATE_SYMBOLS = YES;
				SWIFT_APPROACHABLE_CONCURRENCY = YES;
				SWIFT_COMPILATION_MODE = wholemodule;
				SWIFT_EMIT_LOC_STRINGS = YES;
				SWIFT_TREAT_WARNINGS_AS_ERRORS = YES;
				SWIFT_VERSION = 6.0;
				VALIDATE_PRODUCT = YES;
			};
			name = Release;
		};
		FEE678EB30547D5D0012524F /* Debug configuration for PBXNativeTarget "Mis Mangas" */ = {
			isa = XCBuildConfiguration;
			baseConfigurationReferenceAnchor = FEE678E130547D5D0012524F /* Mis Mangas */;
			baseConfigurationReferenceRelativePath = Config/Secrets.xcconfig;
			buildSettings = {
				ASSETCATALOG_COMPILER_APPICON_NAME = MisMangas;
				ASSETCATALOG_COMPILER_GLOBAL_ACCENT_COLOR_NAME = AccentColor;
				ASSETCATALOG_COMPILER_INCLUDE_ALL_APPICON_ASSETS = YES;
				CODE_SIGN_ENTITLEMENTS = "Mis Mangas/Mis Mangas.entitlements";
				CODE_SIGN_STYLE = Automatic;
				CURRENT_PROJECT_VERSION = 1;
				DEVELOPMENT_TEAM = NT7J23RCPK;
				ENABLE_PREVIEWS = YES;
				GENERATE_INFOPLIST_FILE = YES;
				INFOPLIST_FILE = "Mis Mangas/Mis-Mangas-Info.plist";
				INFOPLIST_KEY_CFBundleDisplayName = "Mis Mangas";
				INFOPLIST_KEY_LSApplicationCategoryType = "public.app-category.books";
				INFOPLIST_KEY_UIApplicationSceneManifest_Generation = YES;
				INFOPLIST_KEY_UIApplicationSupportsIndirectInputEvents = YES;
				INFOPLIST_KEY_UISupportedInterfaceOrientations = UIInterfaceOrientationPortrait;
				INFOPLIST_KEY_UISupportedInterfaceOrientations_iPad = "UIInterfaceOrientationLandscapeLeft UIInterfaceOrientationLandscapeRight UIInterfaceOrientationPortrait UIInterfaceOrientationPortraitUpsideDown";
				INFOPLIST_KEY_UISupportedInterfaceOrientations_iPhone = "UIInterfaceOrientationPortrait UIInterfaceOrientationLandscapeLeft UIInterfaceOrientationLandscapeRight";
				LD_RUNPATH_SEARCH_PATHS = (
					"$(inherited)",
					"@executable_path/Frameworks",
				);
				MARKETING_VERSION = 1.0;
				PRODUCT_BUNDLE_IDENTIFIER = "cloud.manuelalvarez.Mis-Mangas";
				PRODUCT_NAME = "$(TARGET_NAME)";
				REGISTER_APP_GROUPS = YES;
				STRING_CATALOG_GENERATE_SYMBOLS = YES;
				SUPPORTED_PLATFORMS = "iphoneos iphonesimulator";
				SUPPORTS_MACCATALYST = NO;
				SUPPORTS_MAC_DESIGNED_FOR_IPHONE_IPAD = NO;
				SUPPORTS_XR_DESIGNED_FOR_IPHONE_IPAD = NO;
				SWIFT_APPROACHABLE_CONCURRENCY = YES;
				SWIFT_DEFAULT_ACTOR_ISOLATION = nonisolated;
				SWIFT_EMIT_LOC_STRINGS = YES;
				SWIFT_STRICT_CONCURRENCY = complete;
				SWIFT_UPCOMING_FEATURE_MEMBER_IMPORT_VISIBILITY = YES;
				SWIFT_VERSION = 6.0;
				TARGETED_DEVICE_FAMILY = "1,2";
			};
			name = Debug;
		};
		FEE678EC30547D5D0012524F /* Release configuration for PBXNativeTarget "Mis Mangas" */ = {
			isa = XCBuildConfiguration;
			baseConfigurationReferenceAnchor = FEE678E130547D5D0012524F /* Mis Mangas */;
			baseConfigurationReferenceRelativePath = Config/Secrets.xcconfig;
			buildSettings = {
				ASSETCATALOG_COMPILER_APPICON_NAME = MisMangas;
				ASSETCATALOG_COMPILER_GLOBAL_ACCENT_COLOR_NAME = AccentColor;
				ASSETCATALOG_COMPILER_INCLUDE_ALL_APPICON_ASSETS = YES;
				CODE_SIGN_ENTITLEMENTS = "Mis Mangas/Mis Mangas.entitlements";
				CODE_SIGN_STYLE = Automatic;
				CURRENT_PROJECT_VERSION = 1;
				DEVELOPMENT_TEAM = NT7J23RCPK;
				ENABLE_PREVIEWS = YES;
				GENERATE_INFOPLIST_FILE = YES;
				INFOPLIST_FILE = "Mis Mangas/Mis-Mangas-Info.plist";
				INFOPLIST_KEY_CFBundleDisplayName = "Mis Mangas";
				INFOPLIST_KEY_LSApplicationCategoryType = "public.app-category.books";
				INFOPLIST_KEY_UIApplicationSceneManifest_Generation = YES;
				INFOPLIST_KEY_UIApplicationSupportsIndirectInputEvents = YES;
				INFOPLIST_KEY_UISupportedInterfaceOrientations = UIInterfaceOrientationPortrait;
				INFOPLIST_KEY_UISupportedInterfaceOrientations_iPad = "UIInterfaceOrientationLandscapeLeft UIInterfaceOrientationLandscapeRight UIInterfaceOrientationPortrait UIInterfaceOrientationPortraitUpsideDown";
				INFOPLIST_KEY_UISupportedInterfaceOrientations_iPhone = "UIInterfaceOrientationPortrait UIInterfaceOrientationLandscapeLeft UIInterfaceOrientationLandscapeRight";
				LD_RUNPATH_SEARCH_PATHS = (
					"$(inherited)",
					"@executable_path/Frameworks",
				);
				MARKETING_VERSION = 1.0;
				PRODUCT_BUNDLE_IDENTIFIER = "cloud.manuelalvarez.Mis-Mangas";
				PRODUCT_NAME = "$(TARGET_NAME)";
				REGISTER_APP_GROUPS = YES;
				STRING_CATALOG_GENERATE_SYMBOLS = YES;
				SUPPORTED_PLATFORMS = "iphoneos iphonesimulator";
				SUPPORTS_MACCATALYST = NO;
				SUPPORTS_MAC_DESIGNED_FOR_IPHONE_IPAD = NO;
				SUPPORTS_XR_DESIGNED_FOR_IPHONE_IPAD = NO;
				SWIFT_APPROACHABLE_CONCURRENCY = YES;
				SWIFT_DEFAULT_ACTOR_ISOLATION = nonisolated;
				SWIFT_EMIT_LOC_STRINGS = YES;
				SWIFT_STRICT_CONCURRENCY = complete;
				SWIFT_UPCOMING_FEATURE_MEMBER_IMPORT_VISIBILITY = YES;
				SWIFT_VERSION = 6.0;
				TARGETED_DEVICE_FAMILY = "1,2";
			};
			name = Release;
		};
		FEEBF55630582F1200E59EAF /* Debug configuration for PBXNativeTarget "Mis MangasTests" */ = {
			isa = XCBuildConfiguration;
			buildSettings = {
				BUNDLE_LOADER = "$(TEST_HOST)";
				CODE_SIGN_STYLE = Automatic;
				CURRENT_PROJECT_VERSION = 1;
				DEAD_CODE_STRIPPING = YES;
				GENERATE_INFOPLIST_FILE = YES;
				IPHONEOS_DEPLOYMENT_TARGET = 27.0;
				MACOSX_DEPLOYMENT_TARGET = 27.0;
				MARKETING_VERSION = 1.0;
				PRODUCT_BUNDLE_IDENTIFIER = "cloud.manuelalvarez.Mis-MangasTests";
				PRODUCT_NAME = "$(TARGET_NAME)";
				SDKROOT = auto;
				STRING_CATALOG_GENERATE_SYMBOLS = NO;
				SUPPORTED_PLATFORMS = "iphoneos iphonesimulator";
				SWIFT_APPROACHABLE_CONCURRENCY = YES;
				SWIFT_DEFAULT_ACTOR_ISOLATION = nonisolated;
				SWIFT_EMIT_LOC_STRINGS = NO;
				SWIFT_STRICT_CONCURRENCY = complete;
				SWIFT_UPCOMING_FEATURE_MEMBER_IMPORT_VISIBILITY = YES;
				SWIFT_VERSION = 6.0;
				TARGETED_DEVICE_FAMILY = "1,2";
				TEST_HOST = "$(BUILT_PRODUCTS_DIR)/Mis Mangas.app/$(BUNDLE_EXECUTABLE_FOLDER_PATH)/Mis Mangas";
				XROS_DEPLOYMENT_TARGET = 27.0;
			};
			name = Debug;
		};
		FEEBF55730582F1200E59EAF /* Release configuration for PBXNativeTarget "Mis MangasTests" */ = {
			isa = XCBuildConfiguration;
			buildSettings = {
				BUNDLE_LOADER = "$(TEST_HOST)";
				CODE_SIGN_STYLE = Automatic;
				CURRENT_PROJECT_VERSION = 1;
				DEAD_CODE_STRIPPING = YES;
				GENERATE_INFOPLIST_FILE = YES;
				IPHONEOS_DEPLOYMENT_TARGET = 27.0;
				MACOSX_DEPLOYMENT_TARGET = 27.0;
				MARKETING_VERSION = 1.0;
				PRODUCT_BUNDLE_IDENTIFIER = "cloud.manuelalvarez.Mis-MangasTests";
				PRODUCT_NAME = "$(TARGET_NAME)";
				SDKROOT = auto;
				STRING_CATALOG_GENERATE_SYMBOLS = NO;
				SUPPORTED_PLATFORMS = "iphoneos iphonesimulator";
				SWIFT_APPROACHABLE_CONCURRENCY = YES;
				SWIFT_DEFAULT_ACTOR_ISOLATION = nonisolated;
				SWIFT_EMIT_LOC_STRINGS = NO;
				SWIFT_STRICT_CONCURRENCY = complete;
				SWIFT_UPCOMING_FEATURE_MEMBER_IMPORT_VISIBILITY = YES;
				SWIFT_VERSION = 6.0;
				TARGETED_DEVICE_FAMILY = "1,2";
				TEST_HOST = "$(BUILT_PRODUCTS_DIR)/Mis Mangas.app/$(BUNDLE_EXECUTABLE_FOLDER_PATH)/Mis Mangas";
				XROS_DEPLOYMENT_TARGET = 27.0;
			};
			name = Release;
		};
/* End XCBuildConfiguration section */

/* Begin XCConfigurationList section */
		FE13F539306771A700FFA67D /* Build configuration list for PBXNativeTarget "Mis Mangas Watch App" */ = {
			isa = XCConfigurationList;
			buildConfigurations = (
				FE13F53A306771A700FFA67D /* Debug configuration for PBXNativeTarget "Mis Mangas Watch App" */,
				FE13F53B306771A700FFA67D /* Release configuration for PBXNativeTarget "Mis Mangas Watch App" */,
			);
			defaultConfigurationName = Release;
		};
		FE13FD8A30680B9E00FFA67D /* Build configuration list for PBXNativeTarget "Mis Mangas Watch AppTests" */ = {
			isa = XCConfigurationList;
			buildConfigurations = (
				FE13FD8B30680B9E00FFA67D /* Debug configuration for PBXNativeTarget "Mis Mangas Watch AppTests" */,
				FE13FD8C30680B9E00FFA67D /* Release configuration for PBXNativeTarget "Mis Mangas Watch AppTests" */,
			);
			defaultConfigurationName = Release;
		};
		FEDB6714306840DA00107FF2 /* Build configuration list for PBXNativeTarget "Mis Mangas WidgetExtension" */ = {
			isa = XCConfigurationList;
			buildConfigurations = (
				FEDB6712306840DA00107FF2 /* Debug configuration for PBXNativeTarget "Mis Mangas WidgetExtension" */,
				FEDB6713306840DA00107FF2 /* Release configuration for PBXNativeTarget "Mis Mangas WidgetExtension" */,
			);
			defaultConfigurationName = Release;
		};
		FEE678DA30547D5D0012524F /* Build configuration list for PBXProject "Mis Mangas" */ = {
			isa = XCConfigurationList;
			buildConfigurations = (
				FEE678E830547D5D0012524F /* Debug configuration for PBXProject "Mis Mangas" */,
				FEE678E930547D5D0012524F /* Release configuration for PBXProject "Mis Mangas" */,
			);
			defaultConfigurationName = Release;
		};
		FEE678EA30547D5D0012524F /* Build configuration list for PBXNativeTarget "Mis Mangas" */ = {
			isa = XCConfigurationList;
			buildConfigurations = (
				FEE678EB30547D5D0012524F /* Debug configuration for PBXNativeTarget "Mis Mangas" */,
				FEE678EC30547D5D0012524F /* Release configuration for PBXNativeTarget "Mis Mangas" */,
			);
			defaultConfigurationName = Release;
		};
		FEEBF55530582F1200E59EAF /* Build configuration list for PBXNativeTarget "Mis MangasTests" */ = {
			isa = XCConfigurationList;
			buildConfigurations = (
				FEEBF55630582F1200E59EAF /* Debug configuration for PBXNativeTarget "Mis MangasTests" */,
				FEEBF55730582F1200E59EAF /* Release configuration for PBXNativeTarget "Mis MangasTests" */,
			);
			defaultConfigurationName = Release;
		};
/* End XCConfigurationList section */
	};
	rootObject = FEE678D730547D5D0012524F /* Project object */;
	validationLevel = 1;
}
